// !$*UTF8*$!
{
	archiveVersion = 1;
	classes = {
	};
	objectVersion = 46;
	objects = {

/* Begin PBXBuildFile section */
		84A649821C1C0B9900C0718A /* main.m in Sources */ = {isa = PBXBuildFile; fileRef = 84A649811C1C0B9900C0718A /* main.m */; };
		84A649851C1C0B9900C0718A /* AppDelegate.m in Sources */ = {isa = PBXBuildFile; fileRef = 84A649841C1C0B9900C0718A /* AppDelegate.m */; };
		84A649881C1C0B9900C0718A /* ViewController.m in Sources */ = {isa = PBXBuildFile; fileRef = 84A649871C1C0B9900C0718A /* ViewController.m */; };
		84A6498B1C1C0B9900C0718A /* Main.storyboard in Resources */ = {isa = PBXBuildFile; fileRef = 84A649891C1C0B9900C0718A /* Main.storyboard */; };
		84A6498D1C1C0B9900C0718A /* Assets.xcassets in Resources */ = {isa = PBXBuildFile; fileRef = 84A6498C1C1C0B9900C0718A /* Assets.xcassets */; };
		84A649901C1C0B9900C0718A /* LaunchScreen.storyboard in Resources */ = {isa = PBXBuildFile; fileRef = 84A6498E1C1C0B9900C0718A /* LaunchScreen.storyboard */; };
		84A649991C1C12E000C0718A /* HomeAnimationUtil.m in Sources */ = {isa = PBXBuildFile; fileRef = 84A649981C1C12E000C0718A /* HomeAnimationUtil.m */; };
/* End PBXBuildFile section */

/* Begin PBXFileReference section */
		84A6497D1C1C0B9900C0718A /* AutoLayoutAnimationDemo.app */ = {isa = PBXFileReference; explicitFileType = wrapper.application; includeInIndex = 0; path = AutoLayoutAnimationDemo.app; sourceTree = BUILT_PRODUCTS_DIR; };
		84A649811C1C0B9900C0718A /* main.m */ = {isa = PBXFileReference; lastKnownFileType = sourcecode.c.objc; path = main.m; sourceTree = "<group>"; };
		84A649831C1C0B9900C0718A /* AppDelegate.h */ = {isa = PBXFileReference; lastKnownFileType = sourcecode.c.h; path = AppDelegate.h; sourceTree = "<group>"; };
		84A649841C1C0B9900C0718A /* AppDelegate.m */ = {isa = PBXFileReference; lastKnownFileType = sourcecode.c.objc; path = AppDelegate.m; sourceTree = "<group>"; };
		84A649861C1C0B9900C0718A /* ViewController.h */ = {isa = PBXFileReference; lastKnownFileType = sourcecode.c.h; path = ViewController.h; sourceTree = "<group>"; };
		84A649871C1C0B9900C0718A /* ViewController.m */ = {isa = PBXFileReference; lastKnownFileType = sourcecode.c.objc; path = ViewController.m; sourceTree = "<group>"; };
		84A6498A1C1C0B9900C0718A /* Base */ = {isa = PBXFileReference; lastKnownFileType = file.storyboard; name = Base; path = Base.lproj/Main.storyboard; sourceTree = "<group>"; };
		84A6498C1C1C0B9900C0718A /* Assets.xcassets */ = {isa = PBXFileReference; lastKnownFileType = folder.assetcatalog; path = Assets.xcassets; sourceTree = "<group>"; };
		84A6498F1C1C0B9900C0718A /* Base */ = {isa = PBXFileReference; lastKnownFileType = file.storyboard; name = Base; path = Base.lproj/LaunchScreen.storyboard; sourceTree = "<group>"; };
		84A649911C1C0B9900C0718A /* Info.plist */ = {isa = PBXFileReference; lastKnownFileType = text.plist.xml; path = Info.plist; sourceTree = "<group>"; };
		84A649971C1C12E000C0718A /* HomeAnimationUtil.h */ = {isa = PBXFileReference; fileEncoding = 4; lastKnownFileType = sourcecode.c.h; path = HomeAnimationUtil.h; sourceTree = "<group>"; };
		84A649981C1C12E000C0718A /* HomeAnimationUtil.m */ = {isa = PBXFileReference; fileEncoding = 4; lastKnownFileType = sourcecode.c.objc; path = HomeAnimationUtil.m; sourceTree = "<group>"; };
/* End PBXFileReference section */

/* Begin PBXFrameworksBuildPhase section */
		84A6497A1C1C0B9900C0718A /* Frameworks */ = {
			isa = PBXFrameworksBuildPhase;
			buildActionMask = 2147483647;
			files = (
			);
			runOnlyForDeploymentPostprocessing = 0;
		};
/* End PBXFrameworksBuildPhase section */

/* Begin PBXGroup section */
		84A649741C1C0B9900C0718A = {
			isa = PBXGroup;
			children = (
				84A6497F1C1C0B9900C0718A /* AutoLayoutAnimationDemo */,
				84A6497E1C1C0B9900C0718A /* Products */,
			);
			sourceTree = "<group>";
		};
		84A6497E1C1C0B9900C0718A /* Products */ = {
			isa = PBXGroup;
			children = (
				84A6497D1C1C0B9900C0718A /* AutoLayoutAnimationDemo.app */,
			);
			name = Products;
			sourceTree = "<group>";
		};
		84A6497F1C1C0B9900C0718A /* AutoLayoutAnimationDemo */ = {
			isa = PBXGroup;
			children = (
				84A649831C1C0B9900C0718A /* AppDelegate.h */,
				84A649841C1C0B9900C0718A /* AppDelegate.m */,
				84A649861C1C0B9900C0718A /* ViewController.h */,
				84A649871C1C0B9900C0718A /* ViewController.m */,
				84A649971C1C12E000C0718A /* HomeAnimationUtil.h */,
				84A649981C1C12E000C0718A /* HomeAnimationUtil.m */,
				84A649891C1C0B9900C0718A /* Main.storyboard */,
				84A6498C1C1C0B9900C0718A /* Assets.xcassets */,
				84A6498E1C1C0B9900C0718A /* LaunchScreen.storyboard */,
				84A649911C1C0B9900C0718A /* Info.plist */,
				84A649801C1C0B9900C0718A /* Supporting Files */,
			);
			path = AutoLayoutAnimationDemo;
			sourceTree = "<group>";
		};
		84A649801C1C0B9900C0718A /* Supporting Files */ = {
			isa = PBXGroup;
			children = (
				84A649811C1C0B9900C0718A /* main.m */,
			);
			name = "Supporting Files";
			sourceTree = "<group>";
		};
/* End PBXGroup section */

/* Begin PBXNativeTarget section */
		84A6497C1C1C0B9900C0718A /* AutoLayoutAnimationDemo */ = {
			isa = PBXNativeTarget;
			buildConfigurationList = 84A649941C1C0B9900C0718A /* Build configuration list for PBXNativeTarget "AutoLayoutAnimationDemo" */;
			buildPhases = (
				84A649791C1C0B9900C0718A /* Sources */,
				84A6497A1C1C0B9900C0718A /* Frameworks */,
				84A6497B1C1C0B9900C0718A /* Resources */,
			);
			buildRules = (
			);
			dependencies = (
			);
			name = AutoLayoutAnimationDemo;
			productName = AutoLayoutAnimationDemo;
			productReference = 84A6497D1C1C0B9900C0718A /* AutoLayoutAnimationDemo.app */;
			productType = "com.apple.product-type.application";
		};
/* End PBXNativeTarget section */

/* Begin PBXProject section */
		84A649751C1C0B9900C0718A /* Project object */ = {
			isa = PBXProject;
			attributes = {
				LastUpgradeCheck = 0720;
				ORGANIZATIONNAME = taitanxiami;
				TargetAttributes = {
					84A6497C1C1C0B9900C0718A = {
						CreatedOnToolsVersion = 7.2;
					};
				};
			};
			buildConfigurationList = 84A649781C1C0B9900C0718A /* Build configuration list for PBXProject "AutoLayoutAnimationDemo" */;
			compatibilityVersion = "Xcode 3.2";
			developmentRegion = English;
			hasScannedForEncodings = 0;
			knownRegions = (
				en,
				Base,
			);
			mainGroup = 84A649741C1C0B9900C0718A;
			productRefGroup = 84A6497E1C1C0B9900C0718A /* Products */;
			projectDirPath = "";
			projectRoot = "";
			targets = (
				84A6497C1C1C0B9900C0718A /* AutoLayoutAnimationDemo */,
			);
		};
/* End PBXProject section */

/* Begin PBXResourcesBuildPhase section */
		84A6497B1C1C0B9900C0718A /* Resources */ = {
			isa = PBXResourcesBuildPhase;
			buildActionMask = 2147483647;
			files = (
				84A649901C1C0B9900C0718A /* LaunchScreen.storyboard in Resources */,
				84A6498D1C1C0B9900C0718A /* Assets.xcassets in Resources */,
				84A6498B1C1C0B9900C0718A /* Main.storyboard in Resources */,
			);
			runOnlyForDeploymentPostprocessing = 0;
		};
/* End PBXResourcesBuildPhase section */

/* Begin PBXSourcesBuildPhase section */
		84A649791C1C0B9900C0718A /* Sources */ = {
			isa = PBXSourcesBuildPhase;
			buildActionMask = 2147483647;
			files = (
				84A649881C1C0B9900C0718A /* ViewController.m in Sources */,
				84A649991C1C12E000C0718A /* HomeAnimationUtil.m in Sources */,
				84A649851C1C0B9900C0718A /* AppDelegate.m in Sources */,
				84A649821C1C0B9900C0718A /* main.m in Sources */,
			);
			runOnlyForDeploymentPostprocessing = 0;
		};
/* End PBXSourcesBuildPhase section */

/* Begin PBXVariantGroup section */
		84A649891C1C0B9900C0718A /* Main.storyboard */ = {
			isa = PBXVariantGroup;
			children = (
				84A6498A1C1C0B9900C0718A /* Base */,
			);
			name = Main.storyboard;
			sourceTree = "<group>";
		};
		84A6498E1C1C0B9900C0718A /* LaunchScreen.storyboard */ = {
			isa = PBXVariantGroup;
			children = (
				84A6498F1C1C0B9900C0718A /* Base */,
			);
			name = LaunchScreen.storyboard;
			sourceTree = "<group>";
		};
/* End PBXVariantGroup section */

/* Begin XCBuildConfiguration section */
		84A649921C1C0B9900C0718A /* Debug */ = {
			isa = XCBuildConfiguration;
			buildSettings = {
				ALWAYS_SEARCH_USER_PATHS = NO;
				CLANG_CXX_LANGUAGE_STANDARD = "gnu++0x";
				CLANG_CXX_LIBRARY = "libc++";
				CLANG_ENABLE_MODULES = YES;
				CLANG_ENABLE_OBJC_ARC = YES;
				CLANG_WARN_BOOL_CONVERSION = YES;
				CLANG_WARN_CONSTANT_CONVERSION = YES;
				CLANG_WARN_DIRECT_OBJC_ISA_USAGE = YES_ERROR;
				CLANG_WARN_EMPTY_BODY = YES;
				CLANG_WARN_ENUM_CONVERSION = YES;
				CLANG_WARN_INT_CONVERSION = YES;
				CLANG_WARN_OBJC_ROOT_CLASS = YES_ERROR;
				CLANG_WARN_UNREACHABLE_CODE = YES;
				CLANG_WARN__DUPLICATE_METHOD_MATCH = YES;
				"CODE_SIGN_IDENTITY[sdk=iphoneos*]" = "iPhone Developer";
				COPY_PHASE_STRIP = NO;
				DEBUG_INFORMATION_FORMAT = dwarf;
				ENABLE_STRICT_OBJC_MSGSEND = YES;
				ENABLE_TESTABILITY = YES;
				GCC_C_LANGUAGE_STANDARD = gnu99;
				GCC_DYNAMIC_NO_PIC = NO;
				GCC_NO_COMMON_BLOCKS = YES;
				GCC_OPTIMIZATION_LEVEL = 0;
				GCC_PREPROCESSOR_DEFINITIONS = (
					"DEBUG=1",
					"$(inherited)",
				);
				GCC_WARN_64_TO_32_BIT_CONVERSION = YES;
				GCC_WARN_ABOUT_RETURN_TYPE = YES_ERROR;
				GCC_WARN_UNDECLARED_SELECTOR = YES;
				GCC_WARN_UNINITIALIZED_AUTOS = YES_AGGRESSIVE;
				GCC_WARN_UNUSED_FUNCTION = YES;
				GCC_WARN_UNUSED_VARIABLE = YES;
				IPHONEOS_DEPLOYMENT_TARGET = 9.2;
				MTL_ENABLE_DEBUG_INFO = YES;
				ONLY_ACTIVE_ARCH = YES;
				SDKROOT = iphoneos;
				TARGETED_DEVICE_FAMILY = "1,2";
			};
			name = Debug;
		};
		84A649931C1C0B9900C0718A /* Release */ = {
			isa = XCBuildConfiguration;
			buildSettings = {
				ALWAYS_SEARCH_USER_PATHS = NO;
				CLANG_CXX_LANGUAGE_STANDARD = "gnu++0x";
				CLANG_CXX_LIBRARY = "libc++";
				CLANG_ENABLE_MODULES = YES;
				CLANG_ENABLE_OBJC_ARC = YES;
				CLANG_WARN_BOOL_CONVERSION = YES;
				CLANG_WARN_CONSTANT_CONVERSION = YES;
				CLANG_WARN_DIRECT_OBJC_ISA_USAGE = YES_ERROR;
				CLANG_WARN_EMPTY_BODY = YES;
				CLANG_WARN_ENUM_CONVERSION = YES;
				CLANG_WARN_INT_CONVERSION = YES;
				CLANG_WARN_OBJC_ROOT_CLASS = YES_ERROR;
				CLANG_WARN_UNREACHABLE_CODE = YES;
				CLANG_WARN__DUPLICATE_METHOD_MATCH = YES;
				"CODE_SIGN_IDENTITY[sdk=iphoneos*]" = "iPhone Developer";
				COPY_PHASE_STRIP = NO;
				DEBUG_INFORMATION_FORMAT = "dwarf-with-dsym";
				ENABLE_NS_ASSERTIONS = NO;
				ENABLE_STRICT_OBJC_MSGSEND = YES;
				GCC_C_LANGUAGE_STANDARD = gnu99;
				GCC_NO_COMMON_BLOCKS = YES;
				GCC_WARN_64_TO_32_BIT_CONVERSION = YES;
				GCC_WARN_ABOUT_RETURN_TYPE = YES_ERROR;
				GCC_WARN_UNDECLARED_SELECTOR = YES;
				GCC_WARN_UNINITIALIZED_AUTOS = YES_AGGRESSIVE;
				GCC_WARN_UNUSED_FUNCTION = YES;
				GCC_WARN_UNUSED_VARIABLE = YES;
				IPHONEOS_DEPLOYMENT_TARGET = 9.2;
				MTL_ENABLE_DEBUG_INFO = NO;
				SDKROOT = iphoneos;
				TARGETED_DEVICE_FAMILY = "1,2";
				VALIDATE_PRODUCT = YES;
			};
			name = Release;
		};
		84A649951C1C0B9900C0718A /* Debug */ = {
			isa = XCBuildConfiguration;
			buildSettings = {
				ASSETCATALOG_COMPILER_APPICON_NAME = AppIcon;
				INFOPLIST_FILE = AutoLayoutAnimationDemo/Info.plist;
				LD_RUNPATH_SEARCH_PATHS = "$(inherited) @executable_path/Frameworks";
				PRODUCT_BUNDLE_IDENTIFIER = com.dianda.AutoLayoutAnimationDemo;
				PRODUCT_NAME = "$(TARGET_NAME)";
			};
			name = Debug;
		};
		84A649961C1C0B9900C0718A /* Release */ = {
			isa = XCBuildConfiguration;
			buildSettings = {
				ASSETCATALOG_COMPILER_APPICON_NAME = AppIcon;
				INFOPLIST_FILE = AutoLayoutAnimationDemo/Info.plist;
				LD_RUNPATH_SEARCH_PATHS = "$(inherited) @executable_path/Frameworks";
				PRODUCT_BUNDLE_IDENTIFIER = com.dianda.AutoLayoutAnimationDemo;
				PRODUCT_NAME = "$(TARGET_NAME)";
			};
			name = Release;
		};
/* End XCBuildConfiguration section */

/* Begin XCConfigurationList section */
		84A649781C1C0B9900C0718A /* Build configuration list for PBXProject "AutoLayoutAnimationDemo" */ = {
			isa = XCConfigurationList;
			buildConfigurations = (
				84A649921C1C0B9900C0718A /* Debug */,
				84A649931C1C0B9900C0718A /* Release */,
			);
			defaultConfigurationIsVisible = 0;
			defaultConfigurationName = Release;
		};
		84A649941C1C0B9900C0718A /* Build configuration list for PBXNativeTarget "AutoLayoutAnimationDemo" */ = {
			isa = XCConfigurationList;
			buildConfigurations = (
				84A649951C1C0B9900C0718A /* Debug */,
				84A649961C1C0B9900C0718A /* Release */,
			);
			defaultConfigurationIsVisible = 0;
		};
/* End XCConfigurationList section */
	};
	rootObject = 84A649751C1C0B9900C0718A /* Project object */;
}
